
Microsoft Visual Studio Solution File, Format Version 12.00
# Visual Studio Version 17
VisualStudioVersion = 17.0.31912.275
MinimumVisualStudioVersion = 10.0.40219.1
Project("{FAE04EC0-301F-11D3-BF4B-00C04F79EFBC}") = "KomatoController.UWP", "KomatoController\KomatoController.UWP\KomatoController.UWP.csproj", "{65471641-B865-4127-96CE-CF35C0854720}"
EndProject
Project("{FAE04EC0-301F-11D3-BF4B-00C04F79EFBC}") = "KomatoController.Android", "KomatoController\KomatoController.Android\KomatoController.Android.csproj", "{5A39298B-F354-40A2-B51D-E70646A0767B}"
EndProject
Project("{FAE04EC0-301F-11D3-BF4B-00C04F79EFBC}") = "KomatoController.iOS", "KomatoController\KomatoController.iOS\KomatoController.iOS.csproj", "{95F350AC-210A-4EB7-AA50-4A5F7E5B132B}"
EndProject
Project("{FAE04EC0-301F-11D3-BF4B-00C04F79EFBC}") = "KomatoController", "KomatoController\KomatoController\KomatoController.csproj", "{0B9FC2D4-BE11-4D39-93FF-011C10A966E6}"
EndProject
Global
	GlobalSection(SolutionConfigurationPlatforms) = preSolution
		Debug|Any CPU = Debug|Any CPU
		Debug|ARM = Debug|ARM
		Debug|iPhone = Debug|iPhone
		Debug|iPhoneSimulator = Debug|iPhoneSimulator
		Debug|x64 = Debug|x64
		Debug|x86 = Debug|x86
		Release|Any CPU = Release|Any CPU
		Release|ARM = Release|ARM
		Release|iPhone = Release|iPhone
		Release|iPhoneSimulator = Release|iPhoneSimulator
		Release|x64 = Release|x64
		Release|x86 = Release|x86
	EndGlobalSection
	GlobalSection(ProjectConfigurationPlatforms) = postSolution
		{65471641-B865-4127-96CE-CF35C0854720}.Debug|Any CPU.ActiveCfg = Debug|x64
		{65471641-B865-4127-96CE-CF35C0854720}.Debug|Any CPU.Build.0 = Debug|x64
		{65471641-B865-4127-96CE-CF35C0854720}.Debug|Any CPU.Deploy.0 = Debug|x64
		{65471641-B865-4127-96CE-CF35C0854720}.Debug|ARM.ActiveCfg = Debug|ARM
		{65471641-B865-4127-96CE-CF35C0854720}.Debug|ARM.Build.0 = Debug|ARM
		{65471641-B865-4127-96CE-CF35C0854720}.Debug|ARM.Deploy.0 = Debug|ARM
		{65471641-B865-4127-96CE-CF35C0854720}.Debug|iPhone.ActiveCfg = Debug|x64
		{65471641-B865-4127-96CE-CF35C0854720}.Debug|iPhone.Build.0 = Debug|x64
		{65471641-B865-4127-96CE-CF35C0854720}.Debug|iPhone.Deploy.0 = Debug|x64
		{65471641-B865-4127-96CE-CF35C0854720}.Debug|iPhoneSimulator.ActiveCfg = Debug|x64
		{65471641-B865-4127-96CE-CF35C0854720}.Debug|iPhoneSimulator.Build.0 = Debug|x64
		{65471641-B865-4127-96CE-CF35C0854720}.Debug|iPhoneSimulator.Deploy.0 = Debug|x64
		{65471641-B865-4127-96CE-CF35C0854720}.Debug|x64.ActiveCfg = Debug|x64
		{65471641-B865-4127-96CE-CF35C0854720}.Debug|x64.Build.0 = Debug|x64
		{65471641-B865-4127-96CE-CF35C0854720}.Debug|x64.Deploy.0 = Debug|x64
		{65471641-B865-4127-96CE-CF35C0854720}.Debug|x86.ActiveCfg = Debug|x86
		{65471641-B865-4127-96CE-CF35C0854720}.Debug|x86.Build.0 = Debug|x86
		{65471641-B865-4127-96CE-CF35C0854720}.Debug|x86.Deploy.0 = Debug|x86
		{65471641-B865-4127-96CE-CF35C0854720}.Release|Any CPU.ActiveCfg = Release|x64
		{65471641-B865-4127-96CE-CF35C0854720}.Release|Any CPU.Build.0 = Release|x64
		{65471641-B865-4127-96CE-CF35C0854720}.Release|Any CPU.Deploy.0 = Release|x64
		{65471641-B865-4127-96CE-CF35C0854720}.Release|ARM.ActiveCfg = Release|ARM
		{65471641-B865-4127-96CE-CF35C0854720}.Release|ARM.Build.0 = Release|ARM
		{65471641-B865-4127-96CE-CF35C0854720}.Release|ARM.Deploy.0 = Release|ARM
		{65471641-B865-4127-96CE-CF35C0854720}.Release|iPhone.ActiveCfg = Release|x64
		{65471641-B865-4127-96CE-CF35C0854720}.Release|iPhone.Build.0 = Release|x64
		{65471641-B865-4127-96CE-CF35C0854720}.Release|iPhone.Deploy.0 = Release|x64
		{65471641-B865-4127-96CE-CF35C0854720}.Release|iPhoneSimulator.ActiveCfg = Release|x64
		{65471641-B865-4127-96CE-CF35C0854720}.Release|iPhoneSimulator.Build.0 = Release|x64
		{65471641-B865-4127-96CE-CF35C0854720}.Release|iPhoneSimulator.Deploy.0 = Release|x64
		{65471641-B865-4127-96CE-CF35C0854720}.Release|x64.ActiveCfg = Release|x64
		{65471641-B865-4127-96CE-CF35C0854720}.Release|x64.Build.0 = Release|x64
		{65471641-B865-4127-96CE-CF35C0854720}.Release|x64.Deploy.0 = Release|x64
		{65471641-B865-4127-96CE-CF35C0854720}.Release|x86.ActiveCfg = Release|x86
		{65471641-B865-4127-96CE-CF35C0854720}.Release|x86.Build.0 = Release|x86
		{65471641-B865-4127-96CE-CF35C0854720}.Release|x86.Deploy.0 = Release|x86
		{5A39298B-F354-40A2-B51D-E70646A0767B}.Debug|Any CPU.ActiveCfg = Debug|Any CPU
		{5A39298B-F354-40A2-B51D-E70646A0767B}.Debug|Any CPU.Build.0 = Debug|Any CPU
		{5A39298B-F354-40A2-B51D-E70646A0767B}.Debug|Any CPU.Deploy.0 = Debug|Any CPU
		{5A39298B-F354-40A2-B51D-E70646A0767B}.Debug|ARM.ActiveCfg = Debug|Any CPU
		{5A39298B-F354-40A2-B51D-E70646A0767B}.Debug|ARM.Build.0 = Debug|Any CPU
		{5A39298B-F354-40A2-B51D-E70646A0767B}.Debug|ARM.Deploy.0 = Debug|Any CPU
		{5A39298B-F354-40A2-B51D-E70646A0767B}.Debug|iPhone.ActiveCfg = Debug|Any CPU
		{5A39298B-F354-40A2-B51D-E70646A0767B}.Debug|iPhone.Build.0 = Debug|Any CPU
		{5A39298B-F354-40A2-B51D-E70646A0767B}.Debug|iPhone.Deploy.0 = Debug|Any CPU
		{5A39298B-F354-40A2-B51D-E70646A0767B}.Debug|iPhoneSimulator.ActiveCfg = Debug|Any CPU
		{5A39298B-F354-40A2-B51D-E70646A0767B}.Debug|iPhoneSimulator.Build.0 = Debug|Any CPU
		{5A39298B-F354-40A2-B51D-E70646A0767B}.Debug|iPhoneSimulator.Deploy.0 = Debug|Any CPU
		{5A39298B-F354-40A2-B51D-E70646A0767B}.Debug|x64.ActiveCfg = Debug|Any CPU
		{5A39298B-F354-40A2-B51D-E70646A0767B}.Debug|x64.Build.0 = Debug|Any CPU
		{5A39298B-F354-40A2-B51D-E70646A0767B}.Debug|x64.Deploy.0 = Debug|Any CPU
		{5A39298B-F354-40A2-B51D-E70646A0767B}.Debug|x86.ActiveCfg = Debug|Any CPU
		{5A39298B-F354-40A2-B51D-E70646A0767B}.Debug|x86.Build.0 = Debug|Any CPU
		{5A39298B-F354-40A2-B51D-E70646A0767B}.Debug|x86.Deploy.0 = Debug|Any CPU
		{5A39298B-F354-40A2-B51D-E70646A0767B}.Release|Any CPU.ActiveCfg = Release|Any CPU
		{5A39298B-F354-40A2-B51D-E70646A0767B}.Release|Any CPU.Build.0 = Release|Any CPU
		{5A39298B-F354-40A2-B51D-E70646A0767B}.Release|Any CPU.Deploy.0 = Release|Any CPU
		{5A39298B-F354-40A2-B51D-E70646A0767B}.Release|ARM.ActiveCfg = Release|Any CPU
		{5A39298B-F354-40A2-B51D-E70646A0767B}.Release|ARM.Build.0 = Release|Any CPU
		{5A39298B-F354-40A2-B51D-E70646A0767B}.Release|ARM.Deploy.0 = Release|Any CPU
		{5A39298B-F354-40A2-B51D-E70646A0767B}.Release|iPhone.ActiveCfg = Release|Any CPU
		{5A39298B-F354-40A2-B51D-E70646A0767B}.Release|iPhone.Build.0 = Release|Any CPU
		{5A39298B-F354-40A2-B51D-E70646A0767B}.Release|iPhone.Deploy.0 = Release|Any CPU
		{5A39298B-F354-40A2-B51D-E70646A0767B}.Release|iPhoneSimulator.ActiveCfg = Release|Any CPU
		{5A39298B-F354-40A2-B51D-E70646A0767B}.Release|iPhoneSimulator.Build.0 = Release|Any CPU
		{5A39298B-F354-40A2-B51D-E70646A0767B}.Release|iPhoneSimulator.Deploy.0 = Release|Any CPU
		{5A39298B-F354-40A2-B51D-E70646A0767B}.Release|x64.ActiveCfg = Release|Any CPU
		{5A39298B-F354-40A2-B51D-E70646A0767B}.Release|x64.Build.0 = Release|Any CPU
		{5A39298B-F354-40A2-B51D-E70646A0767B}.Release|x64.Deploy.0 = Release|Any CPU
		{5A39298B-F354-40A2-B51D-E70646A0767B}.Release|x86.ActiveCfg = Release|Any CPU
		{5A39298B-F354-40A2-B51D-E70646A0767B}.Release|x86.Build.0 = Release|Any CPU
		{5A39298B-F354-40A2-B51D-E70646A0767B}.Release|x86.Deploy.0 = Release|Any CPU
		{95F350AC-210A-4EB7-AA50-4A5F7E5B132B}.Debug|Any CPU.ActiveCfg = Debug|iPhoneSimulator
		{95F350AC-210A-4EB7-AA50-4A5F7E5B132B}.Debug|Any CPU.Build.0 = Debug|iPhoneSimulator
		{95F350AC-210A-4EB7-AA50-4A5F7E5B132B}.Debug|Any CPU.Deploy.0 = Debug|iPhoneSimulator
		{95F350AC-210A-4EB7-AA50-4A5F7E5B132B}.Debug|ARM.ActiveCfg = Debug|iPhoneSimulator
		{95F350AC-210A-4EB7-AA50-4A5F7E5B132B}.Debug|ARM.Build.0 = Debug|iPhoneSimulator
		{95F350AC-210A-4EB7-AA50-4A5F7E5B132B}.Debug|ARM.Deploy.0 = Debug|iPhoneSimulator
		{95F350AC-210A-4EB7-AA50-4A5F7E5B132B}.Debug|iPhone.ActiveCfg = Debug|iPhone
		{95F350AC-210A-4EB7-AA50-4A5F7E5B132B}.Debug|iPhone.Build.0 = Debug|iPhone
		{95F350AC-210A-4EB7-AA50-4A5F7E5B132B}.Debug|iPhone.Deploy.0 = Debug|iPhone
		{95F350AC-210A-4EB7-AA50-4A5F7E5B132B}.Debug|iPhoneSimulator.ActiveCfg = Debug|iPhoneSimulator
		{95F350AC-210A-4EB7-AA50-4A5F7E5B132B}.Debug|iPhoneSimulator.Build.0 = Debug|iPhoneSimulator
		{95F350AC-210A-4EB7-AA50-4A5F7E5B132B}.Debug|iPhoneSimulator.Deploy.0 = Debug|iPhoneSimulator
		{95F350AC-210A-4EB7-AA50-4A5F7E5B132B}.Debug|x64.ActiveCfg = Debug|iPhone
		{95F350AC-210A-4EB7-AA50-4A5F7E5B132B}.Debug|x64.Build.0 = Debug|iPhone
		{95F350AC-210A-4EB7-AA50-4A5F7E5B132B}.Debug|x64.Deploy.0 = Debug|iPhone
		{95F350AC-210A-4EB7-AA50-4A5F7E5B132B}.Debug|x86.ActiveCfg = Debug|iPhoneSimulator
		{95F350AC-210A-4EB7-AA50-4A5F7E5B132B}.Debug|x86.Build.0 = Debug|iPhoneSimulator
		{95F350AC-210A-4EB7-AA50-4A5F7E5B132B}.Debug|x86.Deploy.0 = Debug|iPhoneSimulator
		{95F350AC-210A-4EB7-AA50-4A5F7E5B132B}.Release|Any CPU.ActiveCfg = Release|iPhoneSimulator
		{95F350AC-210A-4EB7-AA50-4A5F7E5B132B}.Release|Any CPU.Build.0 = Release|iPhoneSimulator
		{95F350AC-210A-4EB7-AA50-4A5F7E5B132B}.Release|Any CPU.Deploy.0 = Release|iPhoneSimulator
		{95F350AC-210A-4EB7-AA50-4A5F7E5B132B}.Release|ARM.ActiveCfg = Release|iPhoneSimulator
		{95F350AC-210A-4EB7-AA50-4A5F7E5B132B}.Release|ARM.Build.0 = Release|iPhoneSimulator
		{95F350AC-210A-4EB7-AA50-4A5F7E5B132B}.Release|ARM.Deploy.0 = Release|iPhoneSimulator
		{95F350AC-210A-4EB7-AA50-4A5F7E5B132B}.Release|iPhone.ActiveCfg = Release|iPhone
		{95F350AC-210A-4EB7-AA50-4A5F7E5B132B}.Release|iPhone.Build.0 = Release|iPhone
		{95F350AC-210A-4EB7-AA50-4A5F7E5B132B}.Release|iPhone.Deploy.0 = Release|iPhone
		{95F350AC-210A-4EB7-AA50-4A5F7E5B132B}.Release|iPhoneSimulator.ActiveCfg = Release|iPhoneSimulator
		{95F350AC-210A-4EB7-AA50-4A5F7E5B132B}.Release|iPhoneSimulator.Build.0 = Release|iPhoneSimulator
		{95F350AC-210A-4EB7-AA50-4A5F7E5B132B}.Release|iPhoneSimulator.Deploy.0 = Release|iPhoneSimulator
		{95F350AC-210A-4EB7-AA50-4A5F7E5B132B}.Release|x64.ActiveCfg = Release|iPhoneSimulator
		{95F350AC-210A-4EB7-AA50-4A5F7E5B132B}.Release|x64.Build.0 = Release|iPhoneSimulator
		{95F350AC-210A-4EB7-AA50-4A5F7E5B132B}.Release|x64.Deploy.0 = Release|iPhoneSimulator
		{95F350AC-210A-4EB7-AA50-4A5F7E5B132B}.Release|x86.ActiveCfg = Release|iPhoneSimulator
		{95F350AC-210A-4EB7-AA50-4A5F7E5B132B}.Release|x86.Build.0 = Release|iPhoneSimulator
		{95F350AC-210A-4EB7-AA50-4A5F7E5B132B}.Release|x86.Deploy.0 = Release|iPhoneSimulator
		{0B9FC2D4-BE11-4D39-93FF-011C10A966E6}.Debug|Any CPU.ActiveCfg = Debug|Any CPU
		{0B9FC2D4-BE11-4D39-93FF-011C10A966E6}.Debug|Any CPU.Build.0 = Debug|Any CPU
		{0B9FC2D4-BE11-4D39-93FF-011C10A966E6}.Debug|Any CPU.Deploy.0 = Debug|Any CPU
		{0B9FC2D4-BE11-4D39-93FF-011C10A966E6}.Debug|ARM.ActiveCfg = Debug|Any CPU
		{0B9FC2D4-BE11-4D39-93FF-011C10A966E6}.Debug|ARM.Build.0 = Debug|Any CPU
		{0B9FC2D4-BE11-4D39-93FF-011C10A966E6}.Debug|ARM.Deploy.0 = Debug|Any CPU
		{0B9FC2D4-BE11-4D39-93FF-011C10A966E6}.Debug|iPhone.ActiveCfg = Debug|Any CPU
		{0B9FC2D4-BE11-4D39-93FF-011C10A966E6}.Debug|iPhone.Build.0 = Debug|Any CPU
		{0B9FC2D4-BE11-4D39-93FF-011C10A966E6}.Debug|iPhone.Deploy.0 = Debug|Any CPU
		{0B9FC2D4-BE11-4D39-93FF-011C10A966E6}.Debug|iPhoneSimulator.ActiveCfg = Debug|Any CPU
		{0B9FC2D4-BE11-4D39-93FF-011C10A966E6}.Debug|iPhoneSimulator.Build.0 = Debug|Any CPU
		{0B9FC2D4-BE11-4D39-93FF-011C10A966E6}.Debug|iPhoneSimulator.Deploy.0 = Debug|Any CPU
		{0B9FC2D4-BE11-4D39-93FF-011C10A966E6}.Debug|x64.ActiveCfg = Debug|Any CPU
		{0B9FC2D4-BE11-4D39-93FF-011C10A966E6}.Debug|x64.Build.0 = Debug|Any CPU
		{0B9FC2D4-BE11-4D39-93FF-011C10A966E6}.Debug|x64.Deploy.0 = Debug|Any CPU
		{0B9FC2D4-BE11-4D39-93FF-011C10A966E6}.Debug|x86.ActiveCfg = Debug|Any CPU
		{0B9FC2D4-BE11-4D39-93FF-011C10A966E6}.Debug|x86.Build.0 = Debug|Any CPU
		{0B9FC2D4-BE11-4D39-93FF-011C10A966E6}.Debug|x86.Deploy.0 = Debug|Any CPU
		{0B9FC2D4-BE11-4D39-93FF-011C10A966E6}.Release|Any CPU.ActiveCfg = Release|Any CPU
		{0B9FC2D4-BE11-4D39-93FF-011C10A966E6}.Release|Any CPU.Build.0 = Release|Any CPU
		{0B9FC2D4-BE11-4D39-93FF-011C10A966E6}.Release|Any CPU.Deploy.0 = Release|Any CPU
		{0B9FC2D4-BE11-4D39-93FF-011C10A966E6}.Release|ARM.ActiveCfg = Release|Any CPU
		{0B9FC2D4-BE11-4D39-93FF-011C10A966E6}.Release|ARM.Build.0 = Release|Any CPU
		{0B9FC2D4-BE11-4D39-93FF-011C10A966E6}.Release|ARM.Deploy.0 = Release|Any CPU
		{0B9FC2D4-BE11-4D39-93FF-011C10A966E6}.Release|iPhone.ActiveCfg = Release|Any CPU
		{0B9FC2D4-BE11-4D39-93FF-011C10A966E6}.Release|iPhone.Build.0 = Release|Any CPU
		{0B9FC2D4-BE11-4D39-93FF-011C10A966E6}.Release|iPhone.Deploy.0 = Release|Any CPU
		{0B9FC2D4-BE11-4D39-93FF-011C10A966E6}.Release|iPhoneSimulator.ActiveCfg = Release|Any CPU
		{0B9FC2D4-BE11-4D39-93FF-011C10A966E6}.Release|iPhoneSimulator.Build.0 = Release|Any CPU
		{0B9FC2D4-BE11-4D39-93FF-011C10A966E6}.Release|iPhoneSimulator.Deploy.0 = Release|Any CPU
		{0B9FC2D4-BE11-4D39-93FF-011C10A966E6}.Release|x64.ActiveCfg = Release|Any CPU
		{0B9FC2D4-BE11-4D39-93FF-011C10A966E6}.Release|x64.Build.0 = Release|Any CPU
		{0B9FC2D4-BE11-4D39-93FF-011C10A966E6}.Release|x64.Deploy.0 = Release|Any CPU
		{0B9FC2D4-BE11-4D39-93FF-011C10A966E6}.Release|x86.ActiveCfg = Release|Any CPU
		{0B9FC2D4-BE11-4D39-93FF-011C10A966E6}.Release|x86.Build.0 = Release|Any CPU
		{0B9FC2D4-BE11-4D39-93FF-011C10A966E6}.Release|x86.Deploy.0 = Release|Any CPU
	EndGlobalSection
	GlobalSection(SolutionProperties) = preSolution
		HideSolutionNode = FALSE
	EndGlobalSection
	GlobalSection(ExtensibilityGlobals) = postSolution
		SolutionGuid = {E768EFF9-AA2A-4B43-BDF3-A5A79557BA40}
	EndGlobalSection
EndGlobal
